// !$*UTF8*$!
{
	archiveVersion = 1;
	classes = {
	};
	objectVersion = 55;
	objects = {

/* Begin PBXBuildFile section */
		524BD229289DA51D00BDE5CF /* AllVideoView.swift in Sources */ = {isa = PBXBuildFile; fileRef = 524BD228289DA51D00BDE5CF /* AllVideoView.swift */; };
		524BD22B289DAA1C00BDE5CF /* Video.swift in Sources */ = {isa = PBXBuildFile; fileRef = 524BD22A289DAA1C00BDE5CF /* Video.swift */; };
		524BD22D289DACF400BDE5CF /* VideoDetails.swift in Sources */ = {isa = PBXBuildFile; fileRef = 524BD22C289DACF400BDE5CF /* VideoDetails.swift */; };
		52805CF1289E3F0B002F1834 /* GameView.swift in Sources */ = {isa = PBXBuildFile; fileRef = 52805CF0289E3F0B002F1834 /* GameView.swift */; };
		52CC7D4D289E9679007A275F /* Alerts.swift in Sources */ = {isa = PBXBuildFile; fileRef = 52CC7D4C289E9679007A275F /* Alerts.swift */; };
		52CC7D4F289EE094007A275F /* GameViewModel.swift in Sources */ = {isa = PBXBuildFile; fileRef = 52CC7D4E289EE094007A275F /* GameViewModel.swift */; };
		52CC7D52289F0B37007A275F /* MapView.swift in Sources */ = {isa = PBXBuildFile; fileRef = 52CC7D51289F0B37007A275F /* MapView.swift */; };
		52CC7D54289F0B49007A275F /* MapViewModel.swift in Sources */ = {isa = PBXBuildFile; fileRef = 52CC7D53289F0B49007A275F /* MapViewModel.swift */; };
		52CC7D57289FA5D9007A275F /* FormView.swift in Sources */ = {isa = PBXBuildFile; fileRef = 52CC7D56289FA5D9007A275F /* FormView.swift */; };
		52FD826D28995B9F00B95E0D /* firstSwiftUIApp.swift in Sources */ = {isa = PBXBuildFile; fileRef = 52FD826C28995B9F00B95E0D /* firstSwiftUIApp.swift */; };
		52FD826F28995B9F00B95E0D /* ContentView.swift in Sources */ = {isa = PBXBuildFile; fileRef = 52FD826E28995B9F00B95E0D /* ContentView.swift */; };
		52FD827128995BA100B95E0D /* Assets.xcassets in Resources */ = {isa = PBXBuildFile; fileRef = 52FD827028995BA100B95E0D /* Assets.xcassets */; };
		52FD827428995BA100B95E0D /* Preview Assets.xcassets in Resources */ = {isa = PBXBuildFile; fileRef = 52FD827328995BA100B95E0D /* Preview Assets.xcassets */; };
/* End PBXBuildFile section */

/* Begin PBXFileReference section */
		524BD228289DA51D00BDE5CF /* AllVideoView.swift */ = {isa = PBXFileReference; lastKnownFileType = sourcecode.swift; path = AllVideoView.swift; sourceTree = "<group>"; };
		524BD22A289DAA1C00BDE5CF /* Video.swift */ = {isa = PBXFileReference; fileEncoding = 4; lastKnownFileType = sourcecode.swift; path = Video.swift; sourceTree = "<group>"; };
		524BD22C289DACF400BDE5CF /* VideoDetails.swift */ = {isa = PBXFileReference; lastKnownFileType = sourcecode.swift; path = VideoDetails.swift; sourceTree = "<group>"; };
		52805CF0289E3F0B002F1834 /* GameView.swift */ = {isa = PBXFileReference; lastKnownFileType = sourcecode.swift; path = GameView.swift; sourceTree = "<group>"; };
		52CC7D4C289E9679007A275F /* Alerts.swift */ = {isa = PBXFileReference; lastKnownFileType = sourcecode.swift; path = Alerts.swift; sourceTree = "<group>"; };
		52CC7D4E289EE094007A275F /* GameViewModel.swift */ = {isa = PBXFileReference; lastKnownFileType = sourcecode.swift; path = GameViewModel.swift; sourceTree = "<group>"; };
		52CC7D51289F0B37007A275F /* MapView.swift */ = {isa = PBXFileReference; lastKnownFileType = sourcecode.swift; path = MapView.swift; sourceTree = "<group>"; };
		52CC7D53289F0B49007A275F /* MapViewModel.swift */ = {isa = PBXFileReference; lastKnownFileType = sourcecode.swift; path = MapViewModel.swift; sourceTree = "<group>"; };
		52CC7D56289FA5D9007A275F /* FormView.swift */ = {isa = PBXFileReference; lastKnownFileType = sourcecode.swift; path = FormView.swift; sourceTree = "<group>"; };
		52FD826928995B9F00B95E0D /* firstSwiftUI.app */ = {isa = PBXFileReference; explicitFileType = wrapper.application; includeInIndex = 0; path = firstSwiftUI.app; sourceTree = BUILT_PRODUCTS_DIR; };
		52FD826C28995B9F00B95E0D /* firstSwiftUIApp.swift */ = {isa = PBXFileReference; lastKnownFileType = sourcecode.swift; path = firstSwiftUIApp.swift; sourceTree = "<group>"; };
		52FD826E28995B9F00B95E0D /* ContentView.swift */ = {isa = PBXFileReference; lastKnownFileType = sourcecode.swift; path = ContentView.swift; sourceTree = "<group>"; };
		52FD827028995BA100B95E0D /* Assets.xcassets */ = {isa = PBXFileReference; lastKnownFileType = folder.assetcatalog; path = Assets.xcassets; sourceTree = "<group>"; };
		52FD827328995BA100B95E0D /* Preview Assets.xcassets */ = {isa = PBXFileReference; lastKnownFileType = folder.assetcatalog; path = "Preview Assets.xcassets"; sourceTree = "<group>"; };
/* End PBXFileReference section */

/* Begin PBXFrameworksBuildPhase section */
		52FD826628995B9F00B95E0D /* Frameworks */ = {
			isa = PBXFrameworksBuildPhase;
			buildActionMask = 2147483647;
			files = (
			);
			runOnlyForDeploymentPostprocessing = 0;
		};
/* End PBXFrameworksBuildPhase section */

/* Begin PBXGroup section */
		524BD227289DA50500BDE5CF /* list-view */ = {
			isa = PBXGroup;
			children = (
				524BD22A289DAA1C00BDE5CF /* Video.swift */,
				524BD228289DA51D00BDE5CF /* AllVideoView.swift */,
				524BD22C289DACF400BDE5CF /* VideoDetails.swift */,
			);
			path = "list-view";
			sourceTree = "<group>";
		};
		52805CEF289E3EDC002F1834 /* tic-tac */ = {
			isa = PBXGroup;
			children = (
				52CC7D4C289E9679007A275F /* Alerts.swift */,
				52805CF0289E3F0B002F1834 /* GameView.swift */,
				52CC7D4E289EE094007A275F /* GameViewModel.swift */,
			);
			path = "tic-tac";
			sourceTree = "<group>";
		};
		52CC7D50289F0B08007A275F /* map-view */ = {
			isa = PBXGroup;
			children = (
				52CC7D51289F0B37007A275F /* MapView.swift */,
				52CC7D53289F0B49007A275F /* MapViewModel.swift */,
			);
			path = "map-view";
			sourceTree = "<group>";
		};
		52CC7D55289FA5C1007A275F /* form-view */ = {
			isa = PBXGroup;
			children = (
				52CC7D56289FA5D9007A275F /* FormView.swift */,
			);
			path = "form-view";
			sourceTree = "<group>";
		};
		52FD826028995B9F00B95E0D = {
			isa = PBXGroup;
			children = (
				52FD826B28995B9F00B95E0D /* firstSwiftUI */,
				52FD826A28995B9F00B95E0D /* Products */,
			);
			sourceTree = "<group>";
		};
		52FD826A28995B9F00B95E0D /* Products */ = {
			isa = PBXGroup;
			children = (
				52FD826928995B9F00B95E0D /* firstSwiftUI.app */,
			);
			name = Products;
			sourceTree = "<group>";
		};
		52FD826B28995B9F00B95E0D /* firstSwiftUI */ = {
			isa = PBXGroup;
			children = (
				52CC7D55289FA5C1007A275F /* form-view */,
				52CC7D50289F0B08007A275F /* map-view */,
				52805CEF289E3EDC002F1834 /* tic-tac */,
				524BD227289DA50500BDE5CF /* list-view */,
				52FD826C28995B9F00B95E0D /* firstSwiftUIApp.swift */,
				52FD826E28995B9F00B95E0D /* ContentView.swift */,
				52FD827028995BA100B95E0D /* Assets.xcassets */,
				52FD827228995BA100B95E0D /* Preview Content */,
			);
			path = firstSwiftUI;
			sourceTree = "<group>";
		};
		52FD827228995BA100B95E0D /* Preview Content */ = {
			isa = PBXGroup;
			children = (
				52FD827328995BA100B95E0D /* Preview Assets.xcassets */,
			);
			path = "Preview Content";
			sourceTree = "<group>";
		};
/* End PBXGroup section */

/* Begin PBXNativeTarget section */
		52FD826828995B9F00B95E0D /* firstSwiftUI */ = {
			isa = PBXNativeTarget;
			buildConfigurationList = 52FD827728995BA100B95E0D /* Build configuration list for PBXNativeTarget "firstSwiftUI" */;
			buildPhases = (
				52FD826528995B9F00B95E0D /* Sources */,
				52FD826628995B9F00B95E0D /* Frameworks */,
				52FD826728995B9F00B95E0D /* Resources */,
			);
			buildRules = (
			);
			dependencies = (
			);
			name = firstSwiftUI;
			productName = firstSwiftUI;
			productReference = 52FD826928995B9F00B95E0D /* firstSwiftUI.app */;
			productType = "com.apple.product-type.application";
		};
/* End PBXNativeTarget section */

/* Begin PBXProject section */
		52FD826128995B9F00B95E0D /* Project object */ = {
			isa = PBXProject;
			attributes = {
				BuildIndependentTargetsInParallel = 1;
				LastSwiftUpdateCheck = 1340;
				LastUpgradeCheck = 1340;
				TargetAttributes = {
					52FD826828995B9F00B95E0D = {
						CreatedOnToolsVersion = 13.4.1;
					};
				};
			};
			buildConfigurationList = 52FD826428995B9F00B95E0D /* Build configuration list for PBXProject "firstSwiftUI" */;
			compatibilityVersion = "Xcode 13.0";
			developmentRegion = en;
			hasScannedForEncodings = 0;
			knownRegions = (
				en,
				Base,
			);
			mainGroup = 52FD826028995B9F00B95E0D;
			productRefGroup = 52FD826A28995B9F00B95E0D /* Products */;
			projectDirPath = "";
			projectRoot = "";
			targets = (
				52FD826828995B9F00B95E0D /* firstSwiftUI */,
			);
		};
/* End PBXProject section */

/* Begin PBXResourcesBuildPhase section */
		52FD826728995B9F00B95E0D /* Resources */ = {
			isa = PBXResourcesBuildPhase;
			buildActionMask = 2147483647;
			files = (
				52FD827428995BA100B95E0D /* Preview Assets.xcassets in Resources */,
				52FD827128995BA100B95E0D /* Assets.xcassets in Resources */,
			);
			runOnlyForDeploymentPostprocessing = 0;
		};
/* End PBXResourcesBuildPhase section */

/* Begin PBXSourcesBuildPhase section */
		52FD826528995B9F00B95E0D /* Sources */ = {
			isa = PBXSourcesBuildPhase;
			buildActionMask = 2147483647;
			files = (
				52FD826F28995B9F00B95E0D /* ContentView.swift in Sources */,
				52CC7D54289F0B49007A275F /* MapViewModel.swift in Sources */,
				524BD22B289DAA1C00BDE5CF /* Video.swift in Sources */,
				52FD826D28995B9F00B95E0D /* firstSwiftUIApp.swift in Sources */,
				52805CF1289E3F0B002F1834 /* GameView.swift in Sources */,
				52CC7D4F289EE094007A275F /* GameViewModel.swift in Sources */,
				524BD22D289DACF400BDE5CF /* VideoDetails.swift in Sources */,
				52CC7D4D289E9679007A275F /* Alerts.swift in Sources */,
				52CC7D52289F0B37007A275F /* MapView.swift in Sources */,
				524BD229289DA51D00BDE5CF /* AllVideoView.swift in Sources */,
				52CC7D57289FA5D9007A275F /* FormView.swift in Sources */,
			);
			runOnlyForDeploymentPostprocessing = 0;
		};
/* End PBXSourcesBuildPhase section */

/* Begin XCBuildConfiguration section */
		52FD827528995BA100B95E0D /* Debug */ = {
			isa = XCBuildConfiguration;
			buildSettings = {
				ALWAYS_SEARCH_USER_PATHS = NO;
				CLANG_ANALYZER_NONNULL = YES;
				CLANG_ANALYZER_NUMBER_OBJECT_CONVERSION = YES_AGGRESSIVE;
				CLANG_CXX_LANGUAGE_STANDARD = "gnu++17";
				CLANG_ENABLE_MODULES = YES;
				CLANG_ENABLE_OBJC_ARC = YES;
				CLANG_ENABLE_OBJC_WEAK = YES;
				CLANG_WARN_BLOCK_CAPTURE_AUTORELEASING = YES;
				CLANG_WARN_BOOL_CONVERSION = YES;
				CLANG_WARN_COMMA = YES;
				CLANG_WARN_CONSTANT_CONVERSION = YES;
				CLANG_WARN_DEPRECATED_OBJC_IMPLEMENTATIONS = YES;
				CLANG_WARN_DIRECT_OBJC_ISA_USAGE = YES_ERROR;
				CLANG_WARN_DOCUMENTATION_COMMENTS = YES;
				CLANG_WARN_EMPTY_BODY = YES;
				CLANG_WARN_ENUM_CONVERSION = YES;
				CLANG_WARN_INFINITE_RECURSION = YES;
				CLANG_WARN_INT_CONVERSION = YES;
				CLANG_WARN_NON_LITERAL_NULL_CONVERSION = YES;
				CLANG_WARN_OBJC_IMPLICIT_RETAIN_SELF = YES;
				CLANG_WARN_OBJC_LITERAL_CONVERSION = YES;
				CLANG_WARN_OBJC_ROOT_CLASS = YES_ERROR;
				CLANG_WARN_QUOTED_INCLUDE_IN_FRAMEWORK_HEADER = YES;
				CLANG_WARN_RANGE_LOOP_ANALYSIS = YES;
				CLANG_WARN_STRICT_PROTOTYPES = YES;
				CLANG_WARN_SUSPICIOUS_MOVE = YES;
				CLANG_WARN_UNGUARDED_AVAILABILITY = YES_AGGRESSIVE;
				CLANG_WARN_UNREACHABLE_CODE = YES;
				CLANG_WARN__DUPLICATE_METHOD_MATCH = YES;
				COPY_PHASE_STRIP = NO;
				DEBUG_INFORMATION_FORMAT = dwarf;
				ENABLE_STRICT_OBJC_MSGSEND = YES;
				ENABLE_TESTABILITY = YES;
				GCC_C_LANGUAGE_STANDARD = gnu11;
				GCC_DYNAMIC_NO_PIC = NO;
				GCC_NO_COMMON_BLOCKS = YES;
				GCC_OPTIMIZATION_LEVEL = 0;
				GCC_PREPROCESSOR_DEFINITIONS = (
					"DEBUG=1",
					"$(inherited)",
				);
				GCC_WARN_64_TO_32_BIT_CONVERSION = YES;
				GCC_WARN_ABOUT_RETURN_TYPE = YES_ERROR;
				GCC_WARN_UNDECLARED_SELECTOR = YES;
				GCC_WARN_UNINITIALIZED_AUTOS = YES_AGGRESSIVE;
				GCC_WARN_UNUSED_FUNCTION = YES;
				GCC_WARN_UNUSED_VARIABLE = YES;
				IPHONEOS_DEPLOYMENT_TARGET = 15.5;
				MTL_ENABLE_DEBUG_INFO = INCLUDE_SOURCE;
				MTL_FAST_MATH = YES;
				ONLY_ACTIVE_ARCH = YES;
				SDKROOT = iphoneos;
				SWIFT_ACTIVE_COMPILATION_CONDITIONS = DEBUG;
				SWIFT_OPTIMIZATION_LEVEL = "-Onone";
			};
			name = Debug;
		};
		52FD827628995BA100B95E0D /* Release */ = {
			isa = XCBuildConfiguration;
			buildSettings = {
				ALWAYS_SEARCH_USER_PATHS = NO;
				CLANG_ANALYZER_NONNULL = YES;
				CLANG_ANALYZER_NUMBER_OBJECT_CONVERSION = YES_AGGRESSIVE;
				CLANG_CXX_LANGUAGE_STANDARD = "gnu++17";
				CLANG_ENABLE_MODULES = YES;
				CLANG_ENABLE_OBJC_ARC = YES;
				CLANG_ENABLE_OBJC_WEAK = YES;
				CLANG_WARN_BLOCK_CAPTURE_AUTORELEASING = YES;
				CLANG_WARN_BOOL_CONVERSION = YES;
				CLANG_WARN_COMMA = YES;
				CLANG_WARN_CONSTANT_CONVERSION = YES;
				CLANG_WARN_DEPRECATED_OBJC_IMPLEMENTATIONS = YES;
				CLANG_WARN_DIRECT_OBJC_ISA_USAGE = YES_ERROR;
				CLANG_WARN_DOCUMENTATION_COMMENTS = YES;
				CLANG_WARN_EMPTY_BODY = YES;
				CLANG_WARN_ENUM_CONVERSION = YES;
				CLANG_WARN_INFINITE_RECURSION = YES;
				CLANG_WARN_INT_CONVERSION = YES;
				CLANG_WARN_NON_LITERAL_NULL_CONVERSION = YES;
				CLANG_WARN_OBJC_IMPLICIT_RETAIN_SELF = YES;
				CLANG_WARN_OBJC_LITERAL_CONVERSION = YES;
				CLANG_WARN_OBJC_ROOT_CLASS = YES_ERROR;
				CLANG_WARN_QUOTED_INCLUDE_IN_FRAMEWORK_HEADER = YES;
				CLANG_WARN_RANGE_LOOP_ANALYSIS = YES;
				CLANG_WARN_STRICT_PROTOTYPES = YES;
				CLANG_WARN_SUSPICIOUS_MOVE = YES;
				CLANG_WARN_UNGUARDED_AVAILABILITY = YES_AGGRESSIVE;
				CLANG_WARN_UNREACHABLE_CODE = YES;
				CLANG_WARN__DUPLICATE_METHOD_MATCH = YES;
				COPY_PHASE_STRIP = NO;
				DEBUG_INFORMATION_FORMAT = "dwarf-with-dsym";
				ENABLE_NS_ASSERTIONS = NO;
				ENABLE_STRICT_OBJC_MSGSEND = YES;
				GCC_C_LANGUAGE_STANDARD = gnu11;
				GCC_NO_COMMON_BLOCKS = YES;
				GCC_WARN_64_TO_32_BIT_CONVERSION = YES;
				GCC_WARN_ABOUT_RETURN_TYPE = YES_ERROR;
				GCC_WARN_UNDECLARED_SELECTOR = YES;
				GCC_WARN_UNINITIALIZED_AUTOS = YES_AGGRESSIVE;
				GCC_WARN_UNUSED_FUNCTION = YES;
				GCC_WARN_UNUSED_VARIABLE = YES;
				IPHONEOS_DEPLOYMENT_TARGET = 15.5;
				MTL_ENABLE_DEBUG_INFO = NO;
				MTL_FAST_MATH = YES;
				SDKROOT = iphoneos;
				SWIFT_COMPILATION_MODE = wholemodule;
				SWIFT_OPTIMIZATION_LEVEL = "-O";
				VALIDATE_PRODUCT = YES;
			};
			name = Release;
		};
		52FD827828995BA100B95E0D /* Debug */ = {
			isa = XCBuildConfiguration;
			buildSettings = {
				ASSETCATALOG_COMPILER_APPICON_NAME = AppIcon;
				ASSETCATALOG_COMPILER_GLOBAL_ACCENT_COLOR_NAME = AccentColor;
				CODE_SIGN_STYLE = Automatic;
				CURRENT_PROJECT_VERSION = 1;
				DEVELOPMENT_ASSET_PATHS = "\"firstSwiftUI/Preview Content\"";
				ENABLE_PREVIEWS = YES;
				GENERATE_INFOPLIST_FILE = YES;
				INFOPLIST_KEY_NSLocationWhenInUseUsageDescription = "";
				INFOPLIST_KEY_UIApplicationSceneManifest_Generation = YES;
				INFOPLIST_KEY_UIApplicationSupportsIndirectInputEvents = YES;
				INFOPLIST_KEY_UILaunchScreen_Generation = YES;
				INFOPLIST_KEY_UISupportedInterfaceOrientations_iPad = "UIInterfaceOrientationPortrait UIInterfaceOrientationPortraitUpsideDown UIInterfaceOrientationLandscapeLeft UIInterfaceOrientationLandscapeRight";
				INFOPLIST_KEY_UISupportedInterfaceOrientations_iPhone = "UIInterfaceOrientationPortrait UIInterfaceOrientationLandscapeLeft UIInterfaceOrientationLandscapeRight";
				LD_RUNPATH_SEARCH_PATHS = (
					"$(inherited)",
					"@executable_path/Frameworks",
				);
				MARKETING_VERSION = 1.0;
				PRODUCT_BUNDLE_IDENTIFIER = com.omarmattr.firstSwiftUI;
				PRODUCT_NAME = "$(TARGET_NAME)";
				SWIFT_EMIT_LOC_STRINGS = YES;
				SWIFT_VERSION = 5.0;
				TARGETED_DEVICE_FAMILY = "1,2";
			};
			name = Debug;
		};
		52FD827928995BA100B95E0D /* Release */ = {
			isa = XCBuildConfiguration;
			buildSettings = {
				ASSETCATALOG_COMPILER_APPICON_NAME = AppIcon;
				ASSETCATALOG_COMPILER_GLOBAL_ACCENT_COLOR_NAME = AccentColor;
				CODE_SIGN_STYLE = Automatic;
				CURRENT_PROJECT_VERSION = 1;
				DEVELOPMENT_ASSET_PATHS = "\"firstSwiftUI/Preview Content\"";
				ENABLE_PREVIEWS = YES;
				GENERATE_INFOPLIST_FILE = YES;
				INFOPLIST_KEY_NSLocationWhenInUseUsageDescription = "";
				INFOPLIST_KEY_UIApplicationSceneManifest_Generation = YES;
				INFOPLIST_KEY_UIApplicationSupportsIndirectInputEvents = YES;
				INFOPLIST_KEY_UILaunchScreen_Generation = YES;
				INFOPLIST_KEY_UISupportedInterfaceOrientations_iPad = "UIInterfaceOrientationPortrait UIInterfaceOrientationPortraitUpsideDown UIInterfaceOrientationLandscapeLeft UIInterfaceOrientationLandscapeRight";
				INFOPLIST_KEY_UISupportedInterfaceOrientations_iPhone = "UIInterfaceOrientationPortrait UIInterfaceOrientationLandscapeLeft UIInterfaceOrientationLandscapeRight";
				LD_RUNPATH_SEARCH_PATHS = (
					"$(inherited)",
					"@executable_path/Frameworks",
				);
				MARKETING_VERSION = 1.0;
				PRODUCT_BUNDLE_IDENTIFIER = com.omarmattr.firstSwiftUI;
				PRODUCT_NAME = "$(TARGET_NAME)";
				SWIFT_EMIT_LOC_STRINGS = YES;
				SWIFT_VERSION = 5.0;
				TARGETED_DEVICE_FAMILY = "1,2";
			};
			name = Release;
		};
/* End XCBuildConfiguration section */

/* Begin XCConfigurationList section */
		52FD826428995B9F00B95E0D /* Build configuration list for PBXProject "firstSwiftUI" */ = {
			isa = XCConfigurationList;
			buildConfigurations = (
				52FD827528995BA100B95E0D /* Debug */,
				52FD827628995BA100B95E0D /* Release */,
			);
			defaultConfigurationIsVisible = 0;
			defaultConfigurationName = Release;
		};
		52FD827728995BA100B95E0D /* Build configuration list for PBXNativeTarget "firstSwiftUI" */ = {
			isa = XCConfigurationList;
			buildConfigurations = (
				52FD827828995BA100B95E0D /* Debug */,
				52FD827928995BA100B95E0D /* Release */,
			);
			defaultConfigurationIsVisible = 0;
			defaultConfigurationName = Release;
		};
/* End XCConfigurationList section */
	};
	rootObject = 52FD826128995B9F00B95E0D /* Project object */;
}
